
Microsoft Visual Studio Solution File, Format Version 12.00
# Visual Studio 15
Project("{FAE04EC0-301F-11D3-BF4B-00C04F79EFBC}") = "Assembly-CSharp", "Assembly-CSharp.csproj", "{897FE3D9-90E6-0EE2-4814-D636443CD25D}"
EndProject
Project("{FAE04EC0-301F-11D3-BF4B-00C04F79EFBC}") = "Assembly-CSharp-Editor", "Assembly-CSharp-Editor.csproj", "{6482D52A-8BDE-A188-1837-36018825DB52}"
EndProject
Global
	GlobalSection(SolutionConfigurationPlatforms) = preSolution
		Debug|Any CPU = Debug|Any CPU
		Release|Any CPU = Release|Any CPU
	EndGlobalSection
	GlobalSection(ProjectConfigurationPlatforms) = postSolution
		{897FE3D9-90E6-0EE2-4814-D636443CD25D}.Debug|Any CPU.ActiveCfg = Debug|Any CPU
		{897FE3D9-90E6-0EE2-4814-D636443CD25D}.Debug|Any CPU.Build.0 = Debug|Any CPU
		{897FE3D9-90E6-0EE2-4814-D636443CD25D}.Release|Any CPU.ActiveCfg = Release|Any CPU
		{897FE3D9-90E6-0EE2-4814-D636443CD25D}.Release|Any CPU.Build.0 = Release|Any CPU
		{6482D52A-8BDE-A188-1837-36018825DB52}.Debug|Any CPU.ActiveCfg = Debug|Any CPU
		{6482D52A-8BDE-A188-1837-36018825DB52}.Debug|Any CPU.Build.0 = Debug|Any CPU
		{6482D52A-8BDE-A188-1837-36018825DB52}.Release|Any CPU.ActiveCfg = Release|Any CPU
		{6482D52A-8BDE-A188-1837-36018825DB52}.Release|Any CPU.Build.0 = Release|Any CPU
	EndGlobalSection
	GlobalSection(SolutionProperties) = preSolution
		HideSolutionNode = FALSE
	EndGlobalSection
EndGlobal
